{
  "name": "pixi-sandbox",
  "version": "1.0.0",
  "lockfileVersion": 2,
  "requires": true,
  "packages": {
    "": {
      "name": "pixi-sandbox",
      "version": "1.0.0",
      "license": "ISC",
      "dependencies": {
        "@intc/dlux-bootstrap": "^4.2.1"
      }
    },
    "node_modules/@intc/dlux-bootstrap": {
      "version": "4.2.1",
      "resolved": "https://pixi.intel.com/@intc/dlux-bootstrap/-/dlux-bootstrap-4.2.1.tgz",
      "integrity": "sha512-MpznWlu/DHcsZxIX1Kiq86w2B/BBfqDodjxmtEGW2hlhWsYvKG71krsI5uK4ce1o6hpgvURfNLMwrSA0HonQIg==",
      "dependencies": {
        "bootstrap": "^5.2.3"
      }
    },
    "node_modules/@popperjs/core": {
      "version": "2.11.8",
      "resolved": "https://pixi.intel.com/@popperjs/core/-/core-2.11.8.tgz",
      "integrity": "sha512-P1st0aksCrn9sGZhp8GMYwBnQsbvAWsZAX44oXNNvLHGqAOcoVxmjZiohstwQ7SqKnbR47akdNi+uleWD8+g6A==",
      "peer": true,
      "funding": {
        "type": "opencollective",
        "url": "https://opencollective.com/popperjs"
      }
    },
    "node_modules/bootstrap": {
      "version": "5.3.2",
      "resolved": "https://pixi.intel.com/bootstrap/-/bootstrap-5.3.2.tgz",
      "integrity": "sha512-D32nmNWiQHo94BKHLmOrdjlL05q1c8oxbtBphQFb9Z5to6eGRDCm0QgeaZ4zFBHzfg2++rqa2JkqCcxDy0sH0g==",
      "funding": [
        {
          "type": "github",
          "url": "https://github.com/sponsors/twbs"
        },
        {
          "type": "opencollective",
          "url": "https://opencollective.com/bootstrap"
        }
      ],
      "peerDependencies": {
        "@popperjs/core": "^2.11.8"
      }
    }
  },
  "dependencies": {
    "@intc/dlux-bootstrap": {
      "version": "4.2.1",
      "resolved": "https://pixi.intel.com/@intc/dlux-bootstrap/-/dlux-bootstrap-4.2.1.tgz",
      "integrity": "sha512-MpznWlu/DHcsZxIX1Kiq86w2B/BBfqDodjxmtEGW2hlhWsYvKG71krsI5uK4ce1o6hpgvURfNLMwrSA0HonQIg==",
      "requires": {
        "bootstrap": "^5.2.3"
      }
    },
    "@popperjs/core": {
      "version": "2.11.8",
      "resolved": "https://pixi.intel.com/@popperjs/core/-/core-2.11.8.tgz",
      "integrity": "sha512-P1st0aksCrn9sGZhp8GMYwBnQsbvAWsZAX44oXNNvLHGqAOcoVxmjZiohstwQ7SqKnbR47akdNi+uleWD8+g6A==",
      "peer": true
    },
    "bootstrap": {
      "version": "5.3.2",
      "resolved": "https://pixi.intel.com/bootstrap/-/bootstrap-5.3.2.tgz",
      "integrity": "sha512-D32nmNWiQHo94BKHLmOrdjlL05q1c8oxbtBphQFb9Z5to6eGRDCm0QgeaZ4zFBHzfg2++rqa2JkqCcxDy0sH0g==",
      "requires": {}
    }
  }
}
